{
  "name": "interp1d",
  "version": "1.0.0",
  "lockfileVersion": 2,
  "requires": true,
  "packages": {
    "": {
      "name": "interp1d",
      "version": "1.0.0",
      "license": "ISC",
      "devDependencies": {
        "benchmark": "^2.1.4",
        "benchtable": "^0.1.0",
        "binary-search": "^1.3.6",
        "binary-search-bounds": "^2.0.5",
        "cubic-spline": "^3.0.3",
        "interp1": "^1.0.18",
        "polylinear-scale": "^1.1.6",
        "splines": "^1.0.0"
      }
    },
    "node_modules/ansi-styles": {
      "version": "3.2.1",
      "resolved": "https://registry.npmjs.org/ansi-styles/-/ansi-styles-3.2.1.tgz",
      "integrity": "sha512-VT0ZI6kZRdTh8YyJw3SMbYm/u+NqfsAxEpWO0Pf9sq8/e94WxxOpPKx9FR1FlyCtOVDNOQ+8ntlqFxiRc+r5qA==",
      "dev": true,
      "dependencies": {
        "color-convert": "^1.9.0"
      },
      "engines": {
        "node": ">=4"
      }
    },
    "node_modules/ansy": {
      "version": "1.0.15",
      "resolved": "https://registry.npmjs.org/ansy/-/ansy-1.0.15.tgz",
      "integrity": "sha512-mQyNSn58HN7aEthofkap0hn8jg7/5SJWrB0ypExgcECOwLppc0njH+QBA9X5VMiEN9SM0JlFZWJQGycxxInAqg==",
      "dev": true,
      "dependencies": {
        "ansi-styles": "^3.0.0",
        "custom-return": "^1.0.0",
        "supports-color": "^3.1.2",
        "ul": "^5.2.1"
      }
    },
    "node_modules/benchmark": {
      "version": "2.1.4",
      "resolved": "https://registry.npmjs.org/benchmark/-/benchmark-2.1.4.tgz",
      "integrity": "sha512-l9MlfN4M1K/H2fbhfMy3B7vJd6AGKJVQn2h6Sg/Yx+KckoUA7ewS5Vv6TjSq18ooE1kS9hhAlQRH3AkXIh/aOQ==",
      "dev": true,
      "dependencies": {
        "lodash": "^4.17.4",
        "platform": "^1.3.3"
      }
    },
    "node_modules/benchtable": {
      "version": "0.1.0",
      "resolved": "https://registry.npmjs.org/benchtable/-/benchtable-0.1.0.tgz",
      "integrity": "sha512-Ap1W+z1P63YYSTS7Znmp0MFOtZD5BIIH92Fsgvf7ozf2vlVdASCUu/ragfprCyGvfKJCznbQZvv6TMaMgHs0Tw==",
      "dev": true,
      "dependencies": {
        "benchmark": "^2.0.0",
        "cli-table": "^0.3.1",
        "color-it": "^1.2.0"
      },
      "engines": {
        "node": ">=4.0.0"
      }
    },
    "node_modules/binary-search": {
      "version": "1.3.6",
      "resolved": "https://registry.npmjs.org/binary-search/-/binary-search-1.3.6.tgz",
      "integrity": "sha512-nbE1WxOTTrUWIfsfZ4aHGYu5DOuNkbxGokjV6Z2kxfJK3uaAb8zNK1muzOeipoLHZjInT4Br88BHpzevc681xA==",
      "dev": true
    },
    "node_modules/binary-search-bounds": {
      "version": "2.0.5",
      "resolved": "https://registry.npmjs.org/binary-search-bounds/-/binary-search-bounds-2.0.5.tgz",
      "integrity": "sha512-H0ea4Fd3lS1+sTEB2TgcLoK21lLhwEJzlQv3IN47pJS976Gx4zoWe0ak3q+uYh60ppQxg9F16Ri4tS1sfD4+jA==",
      "dev": true
    },
    "node_modules/cli-table": {
      "version": "0.3.11",
      "resolved": "https://registry.npmjs.org/cli-table/-/cli-table-0.3.11.tgz",
      "integrity": "sha512-IqLQi4lO0nIB4tcdTpN4LCB9FI3uqrJZK7RC515EnhZ6qBaglkIgICb1wjeAqpdoOabm1+SuQtkXIPdYC93jhQ==",
      "dev": true,
      "dependencies": {
        "colors": "1.0.3"
      },
      "engines": {
        "node": ">= 0.2.0"
      }
    },
    "node_modules/color-convert": {
      "version": "1.9.3",
      "resolved": "https://registry.npmjs.org/color-convert/-/color-convert-1.9.3.tgz",
      "integrity": "sha512-QfAUtd+vFdAtFQcC8CCyYt1fYWxSqAiK2cSD6zDB8N3cpsEBAvRxp9zOGg6G/SHHJYAT88/az/IuDGALsNVbGg==",
      "dev": true,
      "dependencies": {
        "color-name": "1.1.3"
      }
    },
    "node_modules/color-it": {
      "version": "1.2.12",
      "resolved": "https://registry.npmjs.org/color-it/-/color-it-1.2.12.tgz",
      "integrity": "sha512-15ymoygmMjfsrjfnxFcKGXk/7TFo0kuZ2ETBinKpBw4T4H5MZWDFa21fmwlwcJnOz4RzSGbYwi7lnUf2264vKw==",
      "dev": true,
      "dependencies": {
        "couleurs": "^6.0.6",
        "flat-colors": "^3.1.0",
        "iterate-object": "^1.1.0",
        "typpy": "^2.3.3"
      }
    },
    "node_modules/color-name": {
      "version": "1.1.3",
      "resolved": "https://registry.npmjs.org/color-name/-/color-name-1.1.3.tgz",
      "integrity": "sha512-72fSenhMw2HZMTVHeCA9KCmpEIbzWiQsjN+BHcBbS9vr1mtt+vJjPdksIBNUmKAW8TFUDPJK5SUU3QhE9NEXDw==",
      "dev": true
    },
    "node_modules/colors": {
      "version": "1.0.3",
      "resolved": "https://registry.npmjs.org/colors/-/colors-1.0.3.tgz",
      "integrity": "sha512-pFGrxThWcWQ2MsAz6RtgeWe4NK2kUE1WfsrvvlctdII745EW9I0yflqhe7++M5LEc7bV2c/9/5zc8sFcpL0Drw==",
      "dev": true,
      "engines": {
        "node": ">=0.1.90"
      }
    },
    "node_modules/couleurs": {
      "version": "6.0.11",
      "resolved": "https://registry.npmjs.org/couleurs/-/couleurs-6.0.11.tgz",
      "integrity": "sha512-y5WUDtgQKw/tVViZCj3ACX8VseU0ONxiet8SRsE89uH4s/otRLXGOMymfVbKMFzedKOdxQpTcYWukRwkvgRYdw==",
      "dev": true,
      "dependencies": {
        "ansy": "^1.0.0",
        "color-convert": "^1.0.0",
        "iterate-object": "^1.3.1",
        "typpy": "^2.3.1"
      }
    },
    "node_modules/cubic-spline": {
      "version": "3.0.3",
      "resolved": "https://registry.npmjs.org/cubic-spline/-/cubic-spline-3.0.3.tgz",
      "integrity": "sha512-yAvcHgrpf/k83pZiO4+R2reWOJlufgjpQhmDD3OXa8YMbjmRgjtUK8pcFOCZvJwqXaMD1isZdL7Z4ghqDPN/yw==",
      "dev": true
    },
    "node_modules/custom-return": {
      "version": "1.0.12",
      "resolved": "https://registry.npmjs.org/custom-return/-/custom-return-1.0.12.tgz",
      "integrity": "sha512-Xy6IlEV6gW5Iu4YRoQe0A5RG1mzezawcTXzAk7u28oB2UilRfbbOc1C7RmWE6AJ1inSm8gghCkIpo0LUQfLbvw==",
      "dev": true,
      "dependencies": {
        "noop6": "^1.0.0"
      }
    },
    "node_modules/deffy": {
      "version": "2.2.4",
      "resolved": "https://registry.npmjs.org/deffy/-/deffy-2.2.4.tgz",
      "integrity": "sha512-pLc9lsbsWjr6RxmJ2OLyvm+9l4j1yK69h+TML/gUit/t3vTijpkNGh8LioaJYTGO7F25m6HZndADcUOo2PsiUg==",
      "dev": true,
      "dependencies": {
        "typpy": "^2.0.0"
      }
    },
    "node_modules/flat-colors": {
      "version": "3.3.12",
      "resolved": "https://registry.npmjs.org/flat-colors/-/flat-colors-3.3.12.tgz",
      "integrity": "sha512-SYIhhJ+ElZbyyz6+e+xpyN3EboppIg1h6nZaMyEeDwXSY6a3jjp/gANDBmj8xwu+mMflj4UWCPkxRIH+rExDMQ==",
      "dev": true
    },
    "node_modules/function.name": {
      "version": "1.0.13",
      "resolved": "https://registry.npmjs.org/function.name/-/function.name-1.0.13.tgz",
      "integrity": "sha512-mVrqdoy5npWZyoXl4DxCeuVF6delDcQjVS9aPdvLYlBxtMTZDR2B5GVEQEoM1jJyspCqg3C0v4ABkLE7tp9xFA==",
      "dev": true,
      "dependencies": {
        "noop6": "^1.0.1"
      }
    },
    "node_modules/has-flag": {
      "version": "1.0.0",
      "resolved": "https://registry.npmjs.org/has-flag/-/has-flag-1.0.0.tgz",
      "integrity": "sha512-DyYHfIYwAJmjAjSSPKANxI8bFY9YtFrgkAfinBojQ8YJTOuOuav64tMUJv584SES4xl74PmuaevIyaLESHdTAA==",
      "dev": true,
      "engines": {
        "node": ">=0.10.0"
      }
    },
    "node_modules/interp1": {
      "version": "1.0.18",
      "resolved": "https://registry.npmjs.org/interp1/-/interp1-1.0.18.tgz",
      "integrity": "sha512-BQqL/n8BMTMWXI2AM71eq0MHYJ2a84pG5G3JHna9yxtVsYcOTNBti+tGJLJlnhCUqTz0apYJ4S1X7K5rIBxN/A==",
      "dev": true,
      "engines": {
        "node": ">=6.0.0"
      }
    },
    "node_modules/iterate-object": {
      "version": "1.3.4",
      "resolved": "https://registry.npmjs.org/iterate-object/-/iterate-object-1.3.4.tgz",
      "integrity": "sha512-4dG1D1x/7g8PwHS9aK6QV5V94+ZvyP4+d19qDv43EzImmrndysIl4prmJ1hWWIGCqrZHyaHBm6BSEWHOLnpoNw==",
      "dev": true
    },
    "node_modules/lodash": {
      "version": "4.17.21",
      "resolved": "https://registry.npmjs.org/lodash/-/lodash-4.17.21.tgz",
      "integrity": "sha512-v2kDEe57lecTulaDIuNTPy3Ry4gLGJ6Z1O3vE1krgXZNrsQ+LFTGHVxVjcXPs17LhbZVGedAJv8XZ1tvj5FvSg==",
      "dev": true
    },
    "node_modules/noop6": {
      "version": "1.0.9",
      "resolved": "https://registry.npmjs.org/noop6/-/noop6-1.0.9.tgz",
      "integrity": "sha512-DB3Hwyd89dPr5HqEPg3YHjzvwh/mCqizC1zZ8vyofqc+TQRyPDnT4wgXXbLGF4z9YAzwwTLi8pNLhGqcbSjgkA==",
      "dev": true
    },
    "node_modules/platform": {
      "version": "1.3.6",
      "resolved": "https://registry.npmjs.org/platform/-/platform-1.3.6.tgz",
      "integrity": "sha512-fnWVljUchTro6RiCFvCXBbNhJc2NijN7oIQxbwsyL0buWJPG85v81ehlHI9fXrJsMNgTofEoWIQeClKpgxFLrg==",
      "dev": true
    },
    "node_modules/polylinear-scale": {
      "version": "1.1.6",
      "resolved": "https://registry.npmjs.org/polylinear-scale/-/polylinear-scale-1.1.6.tgz",
      "integrity": "sha512-e2QtsKzzb8qXaQSb+vj/Ek5VlBd2yFfG5dfDjTS4DSByNGh49J8e8E4EEhGmeHYM841eWJ8q1Sr3LuBP5N2/iA==",
      "dev": true
    },
    "node_modules/splines": {
      "version": "1.0.0",
      "resolved": "https://registry.npmjs.org/splines/-/splines-1.0.0.tgz",
      "integrity": "sha512-JSYmL1w+x37t+9TzqUVyq1++oZwJvH3fqfxVPf4m+m9gCIuJ0SnflzwQKPD5U9lRBqZXyMffTcH1fhhY2PBpXw==",
      "dev": true
    },
    "node_modules/supports-color": {
      "version": "3.2.3",
      "resolved": "https://registry.npmjs.org/supports-color/-/supports-color-3.2.3.tgz",
      "integrity": "sha512-Jds2VIYDrlp5ui7t8abHN2bjAu4LV/q4N2KivFPpGH0lrka0BMq/33AmECUXlKPcHigkNaqfXRENFju+rlcy+A==",
      "dev": true,
      "dependencies": {
        "has-flag": "^1.0.0"
      },
      "engines": {
        "node": ">=0.8.0"
      }
    },
    "node_modules/typpy": {
      "version": "2.3.13",
      "resolved": "https://registry.npmjs.org/typpy/-/typpy-2.3.13.tgz",
      "integrity": "sha512-vOxIcQz9sxHi+rT09SJ5aDgVgrPppQjwnnayTrMye1ODaU8gIZTDM19t9TxmEElbMihx2Nq/0/b/MtyKfayRqA==",
      "dev": true,
      "dependencies": {
        "function.name": "^1.0.3"
      }
    },
    "node_modules/ul": {
      "version": "5.2.15",
      "resolved": "https://registry.npmjs.org/ul/-/ul-5.2.15.tgz",
      "integrity": "sha512-svLEUy8xSCip5IWnsRa0UOg+2zP0Wsj4qlbjTmX6GJSmvKMHADBuHOm1dpNkWqWPIGuVSqzUkV3Cris5JrlTRQ==",
      "dev": true,
      "dependencies": {
        "deffy": "^2.2.2",
        "typpy": "^2.3.4"
      }
    }
  },
  "dependencies": {
    "ansi-styles": {
      "version": "3.2.1",
      "resolved": "https://registry.npmjs.org/ansi-styles/-/ansi-styles-3.2.1.tgz",
      "integrity": "sha512-VT0ZI6kZRdTh8YyJw3SMbYm/u+NqfsAxEpWO0Pf9sq8/e94WxxOpPKx9FR1FlyCtOVDNOQ+8ntlqFxiRc+r5qA==",
      "dev": true,
      "requires": {
        "color-convert": "^1.9.0"
      }
    },
    "ansy": {
      "version": "1.0.15",
      "resolved": "https://registry.npmjs.org/ansy/-/ansy-1.0.15.tgz",
      "integrity": "sha512-mQyNSn58HN7aEthofkap0hn8jg7/5SJWrB0ypExgcECOwLppc0njH+QBA9X5VMiEN9SM0JlFZWJQGycxxInAqg==",
      "dev": true,
      "requires": {
        "ansi-styles": "^3.0.0",
        "custom-return": "^1.0.0",
        "supports-color": "^3.1.2",
        "ul": "^5.2.1"
      }
    },
    "benchmark": {
      "version": "2.1.4",
      "resolved": "https://registry.npmjs.org/benchmark/-/benchmark-2.1.4.tgz",
      "integrity": "sha512-l9MlfN4M1K/H2fbhfMy3B7vJd6AGKJVQn2h6Sg/Yx+KckoUA7ewS5Vv6TjSq18ooE1kS9hhAlQRH3AkXIh/aOQ==",
      "dev": true,
      "requires": {
        "lodash": "^4.17.4",
        "platform": "^1.3.3"
      }
    },
    "benchtable": {
      "version": "0.1.0",
      "resolved": "https://registry.npmjs.org/benchtable/-/benchtable-0.1.0.tgz",
      "integrity": "sha512-Ap1W+z1P63YYSTS7Znmp0MFOtZD5BIIH92Fsgvf7ozf2vlVdASCUu/ragfprCyGvfKJCznbQZvv6TMaMgHs0Tw==",
      "dev": true,
      "requires": {
        "benchmark": "^2.0.0",
        "cli-table": "^0.3.1",
        "color-it": "^1.2.0"
      }
    },
    "binary-search": {
      "version": "1.3.6",
      "resolved": "https://registry.npmjs.org/binary-search/-/binary-search-1.3.6.tgz",
      "integrity": "sha512-nbE1WxOTTrUWIfsfZ4aHGYu5DOuNkbxGokjV6Z2kxfJK3uaAb8zNK1muzOeipoLHZjInT4Br88BHpzevc681xA==",
      "dev": true
    },
    "binary-search-bounds": {
      "version": "2.0.5",
      "resolved": "https://registry.npmjs.org/binary-search-bounds/-/binary-search-bounds-2.0.5.tgz",
      "integrity": "sha512-H0ea4Fd3lS1+sTEB2TgcLoK21lLhwEJzlQv3IN47pJS976Gx4zoWe0ak3q+uYh60ppQxg9F16Ri4tS1sfD4+jA==",
      "dev": true
    },
    "cli-table": {
      "version": "0.3.11",
      "resolved": "https://registry.npmjs.org/cli-table/-/cli-table-0.3.11.tgz",
      "integrity": "sha512-IqLQi4lO0nIB4tcdTpN4LCB9FI3uqrJZK7RC515EnhZ6qBaglkIgICb1wjeAqpdoOabm1+SuQtkXIPdYC93jhQ==",
      "dev": true,
      "requires": {
        "colors": "1.0.3"
      }
    },
    "color-convert": {
      "version": "1.9.3",
      "resolved": "https://registry.npmjs.org/color-convert/-/color-convert-1.9.3.tgz",
      "integrity": "sha512-QfAUtd+vFdAtFQcC8CCyYt1fYWxSqAiK2cSD6zDB8N3cpsEBAvRxp9zOGg6G/SHHJYAT88/az/IuDGALsNVbGg==",
      "dev": true,
      "requires": {
        "color-name": "1.1.3"
      }
    },
    "color-it": {
      "version": "1.2.12",
      "resolved": "https://registry.npmjs.org/color-it/-/color-it-1.2.12.tgz",
      "integrity": "sha512-15ymoygmMjfsrjfnxFcKGXk/7TFo0kuZ2ETBinKpBw4T4H5MZWDFa21fmwlwcJnOz4RzSGbYwi7lnUf2264vKw==",
      "dev": true,
      "requires": {
        "couleurs": "^6.0.6",
        "flat-colors": "^3.1.0",
        "iterate-object": "^1.1.0",
        "typpy": "^2.3.3"
      }
    },
    "color-name": {
      "version": "1.1.3",
      "resolved": "https://registry.npmjs.org/color-name/-/color-name-1.1.3.tgz",
      "integrity": "sha512-72fSenhMw2HZMTVHeCA9KCmpEIbzWiQsjN+BHcBbS9vr1mtt+vJjPdksIBNUmKAW8TFUDPJK5SUU3QhE9NEXDw==",
      "dev": true
    },
    "colors": {
      "version": "1.0.3",
      "resolved": "https://registry.npmjs.org/colors/-/colors-1.0.3.tgz",
      "integrity": "sha512-pFGrxThWcWQ2MsAz6RtgeWe4NK2kUE1WfsrvvlctdII745EW9I0yflqhe7++M5LEc7bV2c/9/5zc8sFcpL0Drw==",
      "dev": true
    },
    "couleurs": {
      "version": "6.0.11",
      "resolved": "https://registry.npmjs.org/couleurs/-/couleurs-6.0.11.tgz",
      "integrity": "sha512-y5WUDtgQKw/tVViZCj3ACX8VseU0ONxiet8SRsE89uH4s/otRLXGOMymfVbKMFzedKOdxQpTcYWukRwkvgRYdw==",
      "dev": true,
      "requires": {
        "ansy": "^1.0.0",
        "color-convert": "^1.0.0",
        "iterate-object": "^1.3.1",
        "typpy": "^2.3.1"
      }
    },
    "cubic-spline": {
      "version": "3.0.3",
      "resolved": "https://registry.npmjs.org/cubic-spline/-/cubic-spline-3.0.3.tgz",
      "integrity": "sha512-yAvcHgrpf/k83pZiO4+R2reWOJlufgjpQhmDD3OXa8YMbjmRgjtUK8pcFOCZvJwqXaMD1isZdL7Z4ghqDPN/yw==",
      "dev": true
    },
    "custom-return": {
      "version": "1.0.12",
      "resolved": "https://registry.npmjs.org/custom-return/-/custom-return-1.0.12.tgz",
      "integrity": "sha512-Xy6IlEV6gW5Iu4YRoQe0A5RG1mzezawcTXzAk7u28oB2UilRfbbOc1C7RmWE6AJ1inSm8gghCkIpo0LUQfLbvw==",
      "dev": true,
      "requires": {
        "noop6": "^1.0.0"
      }
    },
    "deffy": {
      "version": "2.2.4",
      "resolved": "https://registry.npmjs.org/deffy/-/deffy-2.2.4.tgz",
      "integrity": "sha512-pLc9lsbsWjr6RxmJ2OLyvm+9l4j1yK69h+TML/gUit/t3vTijpkNGh8LioaJYTGO7F25m6HZndADcUOo2PsiUg==",
      "dev": true,
      "requires": {
        "typpy": "^2.0.0"
      }
    },
    "flat-colors": {
      "version": "3.3.12",
      "resolved": "https://registry.npmjs.org/flat-colors/-/flat-colors-3.3.12.tgz",
      "integrity": "sha512-SYIhhJ+ElZbyyz6+e+xpyN3EboppIg1h6nZaMyEeDwXSY6a3jjp/gANDBmj8xwu+mMflj4UWCPkxRIH+rExDMQ==",
      "dev": true
    },
    "function.name": {
      "version": "1.0.13",
      "resolved": "https://registry.npmjs.org/function.name/-/function.name-1.0.13.tgz",
      "integrity": "sha512-mVrqdoy5npWZyoXl4DxCeuVF6delDcQjVS9aPdvLYlBxtMTZDR2B5GVEQEoM1jJyspCqg3C0v4ABkLE7tp9xFA==",
      "dev": true,
      "requires": {
        "noop6": "^1.0.1"
      }
    },
    "has-flag": {
      "version": "1.0.0",
      "resolved": "https://registry.npmjs.org/has-flag/-/has-flag-1.0.0.tgz",
      "integrity": "sha512-DyYHfIYwAJmjAjSSPKANxI8bFY9YtFrgkAfinBojQ8YJTOuOuav64tMUJv584SES4xl74PmuaevIyaLESHdTAA==",
      "dev": true
    },
    "interp1": {
      "version": "1.0.18",
      "resolved": "https://registry.npmjs.org/interp1/-/interp1-1.0.18.tgz",
      "integrity": "sha512-BQqL/n8BMTMWXI2AM71eq0MHYJ2a84pG5G3JHna9yxtVsYcOTNBti+tGJLJlnhCUqTz0apYJ4S1X7K5rIBxN/A==",
      "dev": true
    },
    "iterate-object": {
      "version": "1.3.4",
      "resolved": "https://registry.npmjs.org/iterate-object/-/iterate-object-1.3.4.tgz",
      "integrity": "sha512-4dG1D1x/7g8PwHS9aK6QV5V94+ZvyP4+d19qDv43EzImmrndysIl4prmJ1hWWIGCqrZHyaHBm6BSEWHOLnpoNw==",
      "dev": true
    },
    "lodash": {
      "version": "4.17.21",
      "resolved": "https://registry.npmjs.org/lodash/-/lodash-4.17.21.tgz",
      "integrity": "sha512-v2kDEe57lecTulaDIuNTPy3Ry4gLGJ6Z1O3vE1krgXZNrsQ+LFTGHVxVjcXPs17LhbZVGedAJv8XZ1tvj5FvSg==",
      "dev": true
    },
    "noop6": {
      "version": "1.0.9",
      "resolved": "https://registry.npmjs.org/noop6/-/noop6-1.0.9.tgz",
      "integrity": "sha512-DB3Hwyd89dPr5HqEPg3YHjzvwh/mCqizC1zZ8vyofqc+TQRyPDnT4wgXXbLGF4z9YAzwwTLi8pNLhGqcbSjgkA==",
      "dev": true
    },
    "platform": {
      "version": "1.3.6",
      "resolved": "https://registry.npmjs.org/platform/-/platform-1.3.6.tgz",
      "integrity": "sha512-fnWVljUchTro6RiCFvCXBbNhJc2NijN7oIQxbwsyL0buWJPG85v81ehlHI9fXrJsMNgTofEoWIQeClKpgxFLrg==",
      "dev": true
    },
    "polylinear-scale": {
      "version": "1.1.6",
      "resolved": "https://registry.npmjs.org/polylinear-scale/-/polylinear-scale-1.1.6.tgz",
      "integrity": "sha512-e2QtsKzzb8qXaQSb+vj/Ek5VlBd2yFfG5dfDjTS4DSByNGh49J8e8E4EEhGmeHYM841eWJ8q1Sr3LuBP5N2/iA==",
      "dev": true
    },
    "splines": {
      "version": "1.0.0",
      "resolved": "https://registry.npmjs.org/splines/-/splines-1.0.0.tgz",
      "integrity": "sha512-JSYmL1w+x37t+9TzqUVyq1++oZwJvH3fqfxVPf4m+m9gCIuJ0SnflzwQKPD5U9lRBqZXyMffTcH1fhhY2PBpXw==",
      "dev": true
    },
    "supports-color": {
      "version": "3.2.3",
      "resolved": "https://registry.npmjs.org/supports-color/-/supports-color-3.2.3.tgz",
      "integrity": "sha512-Jds2VIYDrlp5ui7t8abHN2bjAu4LV/q4N2KivFPpGH0lrka0BMq/33AmECUXlKPcHigkNaqfXRENFju+rlcy+A==",
      "dev": true,
      "requires": {
        "has-flag": "^1.0.0"
      }
    },
    "typpy": {
      "version": "2.3.13",
      "resolved": "https://registry.npmjs.org/typpy/-/typpy-2.3.13.tgz",
      "integrity": "sha512-vOxIcQz9sxHi+rT09SJ5aDgVgrPppQjwnnayTrMye1ODaU8gIZTDM19t9TxmEElbMihx2Nq/0/b/MtyKfayRqA==",
      "dev": true,
      "requires": {
        "function.name": "^1.0.3"
      }
    },
    "ul": {
      "version": "5.2.15",
      "resolved": "https://registry.npmjs.org/ul/-/ul-5.2.15.tgz",
      "integrity": "sha512-svLEUy8xSCip5IWnsRa0UOg+2zP0Wsj4qlbjTmX6GJSmvKMHADBuHOm1dpNkWqWPIGuVSqzUkV3Cris5JrlTRQ==",
      "dev": true,
      "requires": {
        "deffy": "^2.2.2",
        "typpy": "^2.3.4"
      }
    }
  }
}
